// !$*UTF8*$!
{
	archiveVersion = 1;
	classes = {
	};
	objectVersion = 77;
	objects = {

/* Begin PBXBuildFile section */
		090457FD6F98946D469C17CD /* CategoryEditorView.swift in Sources */ = {isa = PBXBuildFile; fileRef = C21A61B08140A36F192883F0 /* CategoryEditorView.swift */; };
		0D8B64F47AEF4DC46F2303F7 /* ConsumablesApp.swift in Sources */ = {isa = PBXBuildFile; fileRef = 39E7D5C8D1717049EBE105D7 /* ConsumablesApp.swift */; };
		105257E99ED6A2C4A6B9BE26 /* InventoryRow.swift in Sources */ = {isa = PBXBuildFile; fileRef = 585C8B751264F699E8937C3D /* InventoryRow.swift */; };
		1861A0B21673E5483FA646AF /* InventoryState.swift in Sources */ = {isa = PBXBuildFile; fileRef = 83ABEF4423BAE5E02EE1AA0F /* InventoryState.swift */; };
		197F9D37F29676A0F16B3C6C /* InventoryDetailView.swift in Sources */ = {isa = PBXBuildFile; fileRef = 761237FBA4FF0702384C84D8 /* InventoryDetailView.swift */; };
		1AB89FACCEB678B345CD09BB /* TemplateListView.swift in Sources */ = {isa = PBXBuildFile; fileRef = EECBD906C9652B004EE0B5DC /* TemplateListView.swift */; };
		202E42E547BFA613CD695DD5 /* InventoryRules.swift in Sources */ = {isa = PBXBuildFile; fileRef = 810CB564F8A617D2E782CA63 /* InventoryRules.swift */; };
		22D54BDDF772F0907E31CB38 /* ConsumablesSchemaV1.swift in Sources */ = {isa = PBXBuildFile; fileRef = 01119D9A8F7F05405D0FD26D /* ConsumablesSchemaV1.swift */; };
		2540B6F146257055207D063B /* CategoryDetailView.swift in Sources */ = {isa = PBXBuildFile; fileRef = 16E4662DBC391C01792202D4 /* CategoryDetailView.swift */; };
		26081F12CEFF975708C2100E /* RootView.swift in Sources */ = {isa = PBXBuildFile; fileRef = B8FA8AF3EABC2A4210C95795 /* RootView.swift */; };
		2F131EFFB3B0E76421E6B550 /* Drafts.swift in Sources */ = {isa = PBXBuildFile; fileRef = 3A86E317A1959A8AC819AFDB /* Drafts.swift */; };
		373B59E314AC14CC8962F99E /* Money.swift in Sources */ = {isa = PBXBuildFile; fileRef = 6AEE202199D52456EE2E4EFC /* Money.swift */; };
		3E2558FAEEEB7F066C0DC432 /* HistoryView.swift in Sources */ = {isa = PBXBuildFile; fileRef = 9F2E8AB6C415274A63962B01 /* HistoryView.swift */; };
		44BD512DAAF39D54722B307C /* InventoryEditorView.swift in Sources */ = {isa = PBXBuildFile; fileRef = 9EBA153B420A66035A53508A /* InventoryEditorView.swift */; };
		45ED43A9C80F007CDA33536E /* ConsumablesMigrationPlan.swift in Sources */ = {isa = PBXBuildFile; fileRef = 810869DCEACDE90029C5BC56 /* ConsumablesMigrationPlan.swift */; };
		5C863FE76E6800AFDDB41CB5 /* InventoryCommandsTests.swift in Sources */ = {isa = PBXBuildFile; fileRef = C63B0A7F97E04A013AFFE0C4 /* InventoryCommandsTests.swift */; };
		6D6A8C9C9B5DC6D5F61EBE7D /* InventoryTemplate.swift in Sources */ = {isa = PBXBuildFile; fileRef = DA6F042C890B8045A9B5B17B /* InventoryTemplate.swift */; };
		723492903012278525150067 /* View+ErrorAlert.swift in Sources */ = {isa = PBXBuildFile; fileRef = 22DEE417FBA0840D33DFB582 /* View+ErrorAlert.swift */; };
		7EAA2D1F57BFE23E6BE5427D /* PreviewModelContainer.swift in Sources */ = {isa = PBXBuildFile; fileRef = FFEA48F90E24C7EEE9FFDB7A /* PreviewModelContainer.swift */; };
		8388C43409A3D2F4401E7128 /* UsageRecord.swift in Sources */ = {isa = PBXBuildFile; fileRef = 5D37319C3DD903F6A721A2ED /* UsageRecord.swift */; };
		8D1FE61EA02C1B8A789070F8 /* InventoryCategory.swift in Sources */ = {isa = PBXBuildFile; fileRef = 3D4A7AACD129142CAAD48E22 /* InventoryCategory.swift */; };
		AFD66DE92CAD89AA12E14B67 /* AppBootstrap.swift in Sources */ = {isa = PBXBuildFile; fileRef = 7E2F1BD7B653E475B47C17B9 /* AppBootstrap.swift */; };
		B34ED2767D6695D2FD8781BD /* InventoryItem.swift in Sources */ = {isa = PBXBuildFile; fileRef = 47650EC6DEC0CE5D225F2AD8 /* InventoryItem.swift */; };
		B71BB3811A25258E0B2BEA94 /* Date+Consumables.swift in Sources */ = {isa = PBXBuildFile; fileRef = 70CD1213C62CBCA686C53A52 /* Date+Consumables.swift */; };
		B71D51C86F38547D80A6D066 /* InventoryRulesTests.swift in Sources */ = {isa = PBXBuildFile; fileRef = 58CBD83EE7F96C7E797C95E6 /* InventoryRulesTests.swift */; };
		D761DC71BA80CD2B7ED70D2F /* AddInventoryChooserView.swift in Sources */ = {isa = PBXBuildFile; fileRef = 10BAA3DB6DAD385951B6E58D /* AddInventoryChooserView.swift */; };
		F230FAE929922AE485E72626 /* ArchivedCategoriesView.swift in Sources */ = {isa = PBXBuildFile; fileRef = 0F8CFC819DC4FC59EAC56469 /* ArchivedCategoriesView.swift */; };
		F8C4F31DEF6919A056F0E15F /* InventoryCommands.swift in Sources */ = {isa = PBXBuildFile; fileRef = A8DE1AFA3B54AC7896A9B2E3 /* InventoryCommands.swift */; };
/* End PBXBuildFile section */

/* Begin PBXContainerItemProxy section */
		03F7D78083703A1A4992F699 /* PBXContainerItemProxy */ = {
			isa = PBXContainerItemProxy;
			containerPortal = 7EE6F6961F8F7DEBB4B6DF1A /* Project object */;
			proxyType = 1;
			remoteGlobalIDString = EE60F5567D675F6A3D148118;
			remoteInfo = Consumables;
		};
/* End PBXContainerItemProxy section */

/* Begin PBXFileReference section */
		01119D9A8F7F05405D0FD26D /* ConsumablesSchemaV1.swift */ = {isa = PBXFileReference; lastKnownFileType = sourcecode.swift; path = ConsumablesSchemaV1.swift; sourceTree = "<group>"; };
		01477BA7CE1DD895677F5555 /* Consumables.app */ = {isa = PBXFileReference; includeInIndex = 0; lastKnownFileType = wrapper.application; path = Consumables.app; sourceTree = BUILT_PRODUCTS_DIR; };
		0E352AB98EC61DB62174F5DC /* ConsumablesTests.xctest */ = {isa = PBXFileReference; includeInIndex = 0; lastKnownFileType = wrapper.cfbundle; path = ConsumablesTests.xctest; sourceTree = BUILT_PRODUCTS_DIR; };
		0F8CFC819DC4FC59EAC56469 /* ArchivedCategoriesView.swift */ = {isa = PBXFileReference; lastKnownFileType = sourcecode.swift; path = ArchivedCategoriesView.swift; sourceTree = "<group>"; };
		10BAA3DB6DAD385951B6E58D /* AddInventoryChooserView.swift */ = {isa = PBXFileReference; lastKnownFileType = sourcecode.swift; path = AddInventoryChooserView.swift; sourceTree = "<group>"; };
		16E4662DBC391C01792202D4 /* CategoryDetailView.swift */ = {isa = PBXFileReference; lastKnownFileType = sourcecode.swift; path = CategoryDetailView.swift; sourceTree = "<group>"; };
		22DEE417FBA0840D33DFB582 /* View+ErrorAlert.swift */ = {isa = PBXFileReference; lastKnownFileType = sourcecode.swift; path = "View+ErrorAlert.swift"; sourceTree = "<group>"; };
		39E7D5C8D1717049EBE105D7 /* ConsumablesApp.swift */ = {isa = PBXFileReference; lastKnownFileType = sourcecode.swift; path = ConsumablesApp.swift; sourceTree = "<group>"; };
		3A86E317A1959A8AC819AFDB /* Drafts.swift */ = {isa = PBXFileReference; lastKnownFileType = sourcecode.swift; path = Drafts.swift; sourceTree = "<group>"; };
		3D4A7AACD129142CAAD48E22 /* InventoryCategory.swift */ = {isa = PBXFileReference; lastKnownFileType = sourcecode.swift; path = InventoryCategory.swift; sourceTree = "<group>"; };
		47650EC6DEC0CE5D225F2AD8 /* InventoryItem.swift */ = {isa = PBXFileReference; lastKnownFileType = sourcecode.swift; path = InventoryItem.swift; sourceTree = "<group>"; };
		585C8B751264F699E8937C3D /* InventoryRow.swift */ = {isa = PBXFileReference; lastKnownFileType = sourcecode.swift; path = InventoryRow.swift; sourceTree = "<group>"; };
		58CBD83EE7F96C7E797C95E6 /* InventoryRulesTests.swift */ = {isa = PBXFileReference; lastKnownFileType = sourcecode.swift; path = InventoryRulesTests.swift; sourceTree = "<group>"; };
		5D37319C3DD903F6A721A2ED /* UsageRecord.swift */ = {isa = PBXFileReference; lastKnownFileType = sourcecode.swift; path = UsageRecord.swift; sourceTree = "<group>"; };
		6AEE202199D52456EE2E4EFC /* Money.swift */ = {isa = PBXFileReference; lastKnownFileType = sourcecode.swift; path = Money.swift; sourceTree = "<group>"; };
		70CD1213C62CBCA686C53A52 /* Date+Consumables.swift */ = {isa = PBXFileReference; lastKnownFileType = sourcecode.swift; path = "Date+Consumables.swift"; sourceTree = "<group>"; };
		761237FBA4FF0702384C84D8 /* InventoryDetailView.swift */ = {isa = PBXFileReference; lastKnownFileType = sourcecode.swift; path = InventoryDetailView.swift; sourceTree = "<group>"; };
		7E2F1BD7B653E475B47C17B9 /* AppBootstrap.swift */ = {isa = PBXFileReference; lastKnownFileType = sourcecode.swift; path = AppBootstrap.swift; sourceTree = "<group>"; };
		810869DCEACDE90029C5BC56 /* ConsumablesMigrationPlan.swift */ = {isa = PBXFileReference; lastKnownFileType = sourcecode.swift; path = ConsumablesMigrationPlan.swift; sourceTree = "<group>"; };
		810CB564F8A617D2E782CA63 /* InventoryRules.swift */ = {isa = PBXFileReference; lastKnownFileType = sourcecode.swift; path = InventoryRules.swift; sourceTree = "<group>"; };
		83ABEF4423BAE5E02EE1AA0F /* InventoryState.swift */ = {isa = PBXFileReference; lastKnownFileType = sourcecode.swift; path = InventoryState.swift; sourceTree = "<group>"; };
		9EBA153B420A66035A53508A /* InventoryEditorView.swift */ = {isa = PBXFileReference; lastKnownFileType = sourcecode.swift; path = InventoryEditorView.swift; sourceTree = "<group>"; };
		9F2E8AB6C415274A63962B01 /* HistoryView.swift */ = {isa = PBXFileReference; lastKnownFileType = sourcecode.swift; path = HistoryView.swift; sourceTree = "<group>"; };
		A8DE1AFA3B54AC7896A9B2E3 /* InventoryCommands.swift */ = {isa = PBXFileReference; lastKnownFileType = sourcecode.swift; path = InventoryCommands.swift; sourceTree = "<group>"; };
		B8FA8AF3EABC2A4210C95795 /* RootView.swift */ = {isa = PBXFileReference; lastKnownFileType = sourcecode.swift; path = RootView.swift; sourceTree = "<group>"; };
		C21A61B08140A36F192883F0 /* CategoryEditorView.swift */ = {isa = PBXFileReference; lastKnownFileType = sourcecode.swift; path = CategoryEditorView.swift; sourceTree = "<group>"; };
		C63B0A7F97E04A013AFFE0C4 /* InventoryCommandsTests.swift */ = {isa = PBXFileReference; lastKnownFileType = sourcecode.swift; path = InventoryCommandsTests.swift; sourceTree = "<group>"; };
		DA6F042C890B8045A9B5B17B /* InventoryTemplate.swift */ = {isa = PBXFileReference; lastKnownFileType = sourcecode.swift; path = InventoryTemplate.swift; sourceTree = "<group>"; };
		EECBD906C9652B004EE0B5DC /* TemplateListView.swift */ = {isa = PBXFileReference; lastKnownFileType = sourcecode.swift; path = TemplateListView.swift; sourceTree = "<group>"; };
		FFEA48F90E24C7EEE9FFDB7A /* PreviewModelContainer.swift */ = {isa = PBXFileReference; lastKnownFileType = sourcecode.swift; path = PreviewModelContainer.swift; sourceTree = "<group>"; };
/* End PBXFileReference section */

/* Begin PBXGroup section */
		0983D5BAE4070BD4E385B516 /* ConsumablesTests */ = {
			isa = PBXGroup;
			children = (
				C63B0A7F97E04A013AFFE0C4 /* InventoryCommandsTests.swift */,
				58CBD83EE7F96C7E797C95E6 /* InventoryRulesTests.swift */,
			);
			path = ConsumablesTests;
			sourceTree = "<group>";
		};
		0F6B6A2F8A43300C8FC3DE65 = {
			isa = PBXGroup;
			children = (
				39E163375429E2459DB321E7 /* Consumables */,
				0983D5BAE4070BD4E385B516 /* ConsumablesTests */,
				DFC14EE4FFFBEA5ED7BDE606 /* Products */,
			);
			sourceTree = "<group>";
		};
		30BDC66D6D08C3093337C775 /* V1 */ = {
			isa = PBXGroup;
			children = (
				01119D9A8F7F05405D0FD26D /* ConsumablesSchemaV1.swift */,
				3D4A7AACD129142CAAD48E22 /* InventoryCategory.swift */,
				47650EC6DEC0CE5D225F2AD8 /* InventoryItem.swift */,
				DA6F042C890B8045A9B5B17B /* InventoryTemplate.swift */,
				5D37319C3DD903F6A721A2ED /* UsageRecord.swift */,
			);
			path = V1;
			sourceTree = "<group>";
		};
		36175D9EEC926F6B14289AFE /* PreviewSupport */ = {
			isa = PBXGroup;
			children = (
				FFEA48F90E24C7EEE9FFDB7A /* PreviewModelContainer.swift */,
			);
			path = PreviewSupport;
			sourceTree = "<group>";
		};
		39E163375429E2459DB321E7 /* Consumables */ = {
			isa = PBXGroup;
			children = (
				8C738A7B53AE8879D385A3D3 /* App */,
				BFDF56085512450ADED8EE5C /* Domain */,
				7E2B696D1C261A54C93573F1 /* Features */,
				CD3FADCAF8027CA82CA6AAD9 /* Persistence */,
				36175D9EEC926F6B14289AFE /* PreviewSupport */,
				E74A2006601BC49E4670ADD7 /* Shared */,
			);
			path = Consumables;
			sourceTree = "<group>";
		};
		420EB91EA4E02DE466A5C0D3 /* InventoryEditor */ = {
			isa = PBXGroup;
			children = (
				10BAA3DB6DAD385951B6E58D /* AddInventoryChooserView.swift */,
				9EBA153B420A66035A53508A /* InventoryEditorView.swift */,
			);
			path = InventoryEditor;
			sourceTree = "<group>";
		};
		7E2B696D1C261A54C93573F1 /* Features */ = {
			isa = PBXGroup;
			children = (
				A2794837411D8B6056415893 /* Categories */,
				D97AC59C749C1351B8459249 /* CategoryDetail */,
				ACBB2DCEE86701D2747B3FAE /* History */,
				420EB91EA4E02DE466A5C0D3 /* InventoryEditor */,
				AD947F5592EB1B571704B433 /* Templates */,
				FD8B405B6E8DE89734E8D76B /* Usage */,
			);
			path = Features;
			sourceTree = "<group>";
		};
		8C738A7B53AE8879D385A3D3 /* App */ = {
			isa = PBXGroup;
			children = (
				7E2F1BD7B653E475B47C17B9 /* AppBootstrap.swift */,
				39E7D5C8D1717049EBE105D7 /* ConsumablesApp.swift */,
				B8FA8AF3EABC2A4210C95795 /* RootView.swift */,
			);
			path = App;
			sourceTree = "<group>";
		};
		A2794837411D8B6056415893 /* Categories */ = {
			isa = PBXGroup;
			children = (
				0F8CFC819DC4FC59EAC56469 /* ArchivedCategoriesView.swift */,
				C21A61B08140A36F192883F0 /* CategoryEditorView.swift */,
			);
			path = Categories;
			sourceTree = "<group>";
		};
		A5D9A032278EFE2A8799C544 /* Components */ = {
			isa = PBXGroup;
			children = (
				585C8B751264F699E8937C3D /* InventoryRow.swift */,
			);
			path = Components;
			sourceTree = "<group>";
		};
		ACBB2DCEE86701D2747B3FAE /* History */ = {
			isa = PBXGroup;
			children = (
				9F2E8AB6C415274A63962B01 /* HistoryView.swift */,
			);
			path = History;
			sourceTree = "<group>";
		};
		AD947F5592EB1B571704B433 /* Templates */ = {
			isa = PBXGroup;
			children = (
				EECBD906C9652B004EE0B5DC /* TemplateListView.swift */,
			);
			path = Templates;
			sourceTree = "<group>";
		};
		BFDF56085512450ADED8EE5C /* Domain */ = {
			isa = PBXGroup;
			children = (
				810CB564F8A617D2E782CA63 /* InventoryRules.swift */,
				83ABEF4423BAE5E02EE1AA0F /* InventoryState.swift */,
				6AEE202199D52456EE2E4EFC /* Money.swift */,
			);
			path = Domain;
			sourceTree = "<group>";
		};
		CD3FADCAF8027CA82CA6AAD9 /* Persistence */ = {
			isa = PBXGroup;
			children = (
				810869DCEACDE90029C5BC56 /* ConsumablesMigrationPlan.swift */,
				3A86E317A1959A8AC819AFDB /* Drafts.swift */,
				A8DE1AFA3B54AC7896A9B2E3 /* InventoryCommands.swift */,
				E4D51A97C1C61090B197F98A /* Schema */,
			);
			path = Persistence;
			sourceTree = "<group>";
		};
		D97AC59C749C1351B8459249 /* CategoryDetail */ = {
			isa = PBXGroup;
			children = (
				16E4662DBC391C01792202D4 /* CategoryDetailView.swift */,
			);
			path = CategoryDetail;
			sourceTree = "<group>";
		};
		DFC14EE4FFFBEA5ED7BDE606 /* Products */ = {
			isa = PBXGroup;
			children = (
				01477BA7CE1DD895677F5555 /* Consumables.app */,
				0E352AB98EC61DB62174F5DC /* ConsumablesTests.xctest */,
			);
			name = Products;
			sourceTree = "<group>";
		};
		E2F427947AD6C1F6B15EF406 /* Extensions */ = {
			isa = PBXGroup;
			children = (
				70CD1213C62CBCA686C53A52 /* Date+Consumables.swift */,
				22DEE417FBA0840D33DFB582 /* View+ErrorAlert.swift */,
			);
			path = Extensions;
			sourceTree = "<group>";
		};
		E4D51A97C1C61090B197F98A /* Schema */ = {
			isa = PBXGroup;
			children = (
				30BDC66D6D08C3093337C775 /* V1 */,
			);
			path = Schema;
			sourceTree = "<group>";
		};
		E74A2006601BC49E4670ADD7 /* Shared */ = {
			isa = PBXGroup;
			children = (
				A5D9A032278EFE2A8799C544 /* Components */,
				E2F427947AD6C1F6B15EF406 /* Extensions */,
			);
			path = Shared;
			sourceTree = "<group>";
		};
		FD8B405B6E8DE89734E8D76B /* Usage */ = {
			isa = PBXGroup;
			children = (
				761237FBA4FF0702384C84D8 /* InventoryDetailView.swift */,
			);
			path = Usage;
			sourceTree = "<group>";
		};
/* End PBXGroup section */

/* Begin PBXNativeTarget section */
		EE60F5567D675F6A3D148118 /* Consumables */ = {
			isa = PBXNativeTarget;
			buildConfigurationList = 2006FD1B8C78119C475CFBBF /* Build configuration list for PBXNativeTarget "Consumables" */;
			buildPhases = (
				72AA60170768DEF6C2B712FB /* Sources */,
			);
			buildRules = (
			);
			dependencies = (
			);
			name = Consumables;
			packageProductDependencies = (
			);
			productName = Consumables;
			productReference = 01477BA7CE1DD895677F5555 /* Consumables.app */;
			productType = "com.apple.product-type.application";
		};
		F2C5AE43EA8A9EE504AA26E3 /* ConsumablesTests */ = {
			isa = PBXNativeTarget;
			buildConfigurationList = 3416AABBD9DB40206ED9DCB5 /* Build configuration list for PBXNativeTarget "ConsumablesTests" */;
			buildPhases = (
				BE9022114A033A9B90BC4703 /* Sources */,
			);
			buildRules = (
			);
			dependencies = (
				650E85CAF1CAF2AF0101F6AA /* PBXTargetDependency */,
			);
			name = ConsumablesTests;
			packageProductDependencies = (
			);
			productName = ConsumablesTests;
			productReference = 0E352AB98EC61DB62174F5DC /* ConsumablesTests.xctest */;
			productType = "com.apple.product-type.bundle.unit-test";
		};
/* End PBXNativeTarget section */

/* Begin PBXProject section */
		7EE6F6961F8F7DEBB4B6DF1A /* Project object */ = {
			isa = PBXProject;
			attributes = {
				BuildIndependentTargetsInParallel = YES;
				LastUpgradeCheck = 1600;
				TargetAttributes = {
					EE60F5567D675F6A3D148118 = {
						DevelopmentTeam = "";
						ProvisioningStyle = Automatic;
					};
					F2C5AE43EA8A9EE504AA26E3 = {
						DevelopmentTeam = "";
					};
				};
			};
			buildConfigurationList = C3C80D6943694F6BA60DDB20 /* Build configuration list for PBXProject "Consumables" */;
			developmentRegion = en;
			hasScannedForEncodings = 0;
			knownRegions = (
				Base,
				en,
			);
			mainGroup = 0F6B6A2F8A43300C8FC3DE65;
			minimizedProjectReferenceProxies = 1;
			preferredProjectObjectVersion = 77;
			productRefGroup = DFC14EE4FFFBEA5ED7BDE606 /* Products */;
			projectDirPath = "";
			projectRoot = "";
			targets = (
				EE60F5567D675F6A3D148118 /* Consumables */,
				F2C5AE43EA8A9EE504AA26E3 /* ConsumablesTests */,
			);
		};
/* End PBXProject section */

/* Begin PBXSourcesBuildPhase section */
		72AA60170768DEF6C2B712FB /* Sources */ = {
			isa = PBXSourcesBuildPhase;
			buildActionMask = 2147483647;
			files = (
				D761DC71BA80CD2B7ED70D2F /* AddInventoryChooserView.swift in Sources */,
				AFD66DE92CAD89AA12E14B67 /* AppBootstrap.swift in Sources */,
				F230FAE929922AE485E72626 /* ArchivedCategoriesView.swift in Sources */,
				2540B6F146257055207D063B /* CategoryDetailView.swift in Sources */,
				090457FD6F98946D469C17CD /* CategoryEditorView.swift in Sources */,
				0D8B64F47AEF4DC46F2303F7 /* ConsumablesApp.swift in Sources */,
				45ED43A9C80F007CDA33536E /* ConsumablesMigrationPlan.swift in Sources */,
				22D54BDDF772F0907E31CB38 /* ConsumablesSchemaV1.swift in Sources */,
				B71BB3811A25258E0B2BEA94 /* Date+Consumables.swift in Sources */,
				2F131EFFB3B0E76421E6B550 /* Drafts.swift in Sources */,
				3E2558FAEEEB7F066C0DC432 /* HistoryView.swift in Sources */,
				8D1FE61EA02C1B8A789070F8 /* InventoryCategory.swift in Sources */,
				F8C4F31DEF6919A056F0E15F /* InventoryCommands.swift in Sources */,
				197F9D37F29676A0F16B3C6C /* InventoryDetailView.swift in Sources */,
				44BD512DAAF39D54722B307C /* InventoryEditorView.swift in Sources */,
				B34ED2767D6695D2FD8781BD /* InventoryItem.swift in Sources */,
				105257E99ED6A2C4A6B9BE26 /* InventoryRow.swift in Sources */,
				202E42E547BFA613CD695DD5 /* InventoryRules.swift in Sources */,
				1861A0B21673E5483FA646AF /* InventoryState.swift in Sources */,
				6D6A8C9C9B5DC6D5F61EBE7D /* InventoryTemplate.swift in Sources */,
				373B59E314AC14CC8962F99E /* Money.swift in Sources */,
				7EAA2D1F57BFE23E6BE5427D /* PreviewModelContainer.swift in Sources */,
				26081F12CEFF975708C2100E /* RootView.swift in Sources */,
				1AB89FACCEB678B345CD09BB /* TemplateListView.swift in Sources */,
				8388C43409A3D2F4401E7128 /* UsageRecord.swift in Sources */,
				723492903012278525150067 /* View+ErrorAlert.swift in Sources */,
			);
			runOnlyForDeploymentPostprocessing = 0;
		};
		BE9022114A033A9B90BC4703 /* Sources */ = {
			isa = PBXSourcesBuildPhase;
			buildActionMask = 2147483647;
			files = (
				5C863FE76E6800AFDDB41CB5 /* InventoryCommandsTests.swift in Sources */,
				B71D51C86F38547D80A6D066 /* InventoryRulesTests.swift in Sources */,
			);
			runOnlyForDeploymentPostprocessing = 0;
		};
/* End PBXSourcesBuildPhase section */

/* Begin PBXTargetDependency section */
		650E85CAF1CAF2AF0101F6AA /* PBXTargetDependency */ = {
			isa = PBXTargetDependency;
			target = EE60F5567D675F6A3D148118 /* Consumables */;
			targetProxy = 03F7D78083703A1A4992F699 /* PBXContainerItemProxy */;
		};
/* End PBXTargetDependency section */

/* Begin XCBuildConfiguration section */
		14A693AD30E40F40207FDB88 /* Debug */ = {
			isa = XCBuildConfiguration;
			buildSettings = {
				BUNDLE_LOADER = "$(TEST_HOST)";
				GENERATE_INFOPLIST_FILE = YES;
				IPHONEOS_DEPLOYMENT_TARGET = 17.0;
				LD_RUNPATH_SEARCH_PATHS = (
					"$(inherited)",
					"@executable_path/Frameworks",
					"@loader_path/Frameworks",
				);
				SDKROOT = iphoneos;
				TARGETED_DEVICE_FAMILY = "1,2";
				TEST_HOST = "$(BUILT_PRODUCTS_DIR)/Consumables.app/Consumables";
			};
			name = Debug;
		};
		528C4F8ED2C21D354F06C701 /* Debug */ = {
			isa = XCBuildConfiguration;
			buildSettings = {
				ALWAYS_SEARCH_USER_PATHS = NO;
				CLANG_ANALYZER_NONNULL = YES;
				CLANG_ANALYZER_NUMBER_OBJECT_CONVERSION = YES_AGGRESSIVE;
				CLANG_CXX_LANGUAGE_STANDARD = "gnu++14";
				CLANG_CXX_LIBRARY = "libc++";
				CLANG_ENABLE_MODULES = YES;
				CLANG_ENABLE_OBJC_ARC = YES;
				CLANG_ENABLE_OBJC_WEAK = YES;
				CLANG_WARN_BLOCK_CAPTURE_AUTORELEASING = YES;
				CLANG_WARN_BOOL_CONVERSION = YES;
				CLANG_WARN_COMMA = YES;
				CLANG_WARN_CONSTANT_CONVERSION = YES;
				CLANG_WARN_DEPRECATED_OBJC_IMPLEMENTATIONS = YES;
				CLANG_WARN_DIRECT_OBJC_ISA_USAGE = YES_ERROR;
				CLANG_WARN_DOCUMENTATION_COMMENTS = YES;
				CLANG_WARN_EMPTY_BODY = YES;
				CLANG_WARN_ENUM_CONVERSION = YES;
				CLANG_WARN_INFINITE_RECURSION = YES;
				CLANG_WARN_INT_CONVERSION = YES;
				CLANG_WARN_NON_LITERAL_NULL_CONVERSION = YES;
				CLANG_WARN_OBJC_IMPLICIT_RETAIN_SELF = YES;
				CLANG_WARN_OBJC_LITERAL_CONVERSION = YES;
				CLANG_WARN_OBJC_ROOT_CLASS = YES_ERROR;
				CLANG_WARN_QUOTED_INCLUDE_IN_FRAMEWORK_HEADER = YES;
				CLANG_WARN_RANGE_LOOP_ANALYSIS = YES;
				CLANG_WARN_STRICT_PROTOTYPES = YES;
				CLANG_WARN_SUSPICIOUS_MOVE = YES;
				CLANG_WARN_UNGUARDED_AVAILABILITY = YES_AGGRESSIVE;
				CLANG_WARN_UNREACHABLE_CODE = YES;
				CLANG_WARN__DUPLICATE_METHOD_MATCH = YES;
				COPY_PHASE_STRIP = NO;
				CURRENT_PROJECT_VERSION = 1;
				DEBUG_INFORMATION_FORMAT = dwarf;
				DEVELOPMENT_TEAM = "";
				ENABLE_STRICT_OBJC_MSGSEND = YES;
				ENABLE_TESTABILITY = YES;
				GCC_C_LANGUAGE_STANDARD = gnu11;
				GCC_DYNAMIC_NO_PIC = NO;
				GCC_NO_COMMON_BLOCKS = YES;
				GCC_OPTIMIZATION_LEVEL = 0;
				GCC_PREPROCESSOR_DEFINITIONS = (
					"$(inherited)",
					"DEBUG=1",
				);
				GCC_WARN_64_TO_32_BIT_CONVERSION = YES;
				GCC_WARN_ABOUT_RETURN_TYPE = YES_ERROR;
				GCC_WARN_UNDECLARED_SELECTOR = YES;
				GCC_WARN_UNINITIALIZED_AUTOS = YES_AGGRESSIVE;
				GCC_WARN_UNUSED_FUNCTION = YES;
				GCC_WARN_UNUSED_VARIABLE = YES;
				IPHONEOS_DEPLOYMENT_TARGET = 17.0;
				MARKETING_VERSION = 0.1.0;
				MTL_ENABLE_DEBUG_INFO = INCLUDE_SOURCE;
				MTL_FAST_MATH = YES;
				ONLY_ACTIVE_ARCH = YES;
				PRODUCT_BUNDLE_IDENTIFIER = com.openclaw.consumables;
				PRODUCT_NAME = "$(TARGET_NAME)";
				SDKROOT = iphoneos;
				SWIFT_ACTIVE_COMPILATION_CONDITIONS = DEBUG;
				SWIFT_OPTIMIZATION_LEVEL = "-Onone";
				SWIFT_VERSION = 5.1;
				TARGETED_DEVICE_FAMILY = 1;
			};
			name = Debug;
		};
		6850ED39A233575128969D76 /* Release */ = {
			isa = XCBuildConfiguration;
			buildSettings = {
				ASSETCATALOG_COMPILER_APPICON_NAME = AppIcon;
				CODE_SIGN_IDENTITY = "iPhone Developer";
				CODE_SIGN_STYLE = Automatic;
				ENABLE_PREVIEWS = YES;
				GENERATE_INFOPLIST_FILE = YES;
				INFOPLIST_KEY_CFBundleDisplayName = Consumables;
				INFOPLIST_KEY_UIApplicationSceneManifest_Generation = YES;
				INFOPLIST_KEY_UILaunchScreen_Generation = YES;
				INFOPLIST_KEY_UISupportedInterfaceOrientations_iPhone = (
					UIInterfaceOrientationPortrait,
					UIInterfaceOrientationLandscapeLeft,
					UIInterfaceOrientationLandscapeRight,
				);
				IPHONEOS_DEPLOYMENT_TARGET = 17.0;
				LD_RUNPATH_SEARCH_PATHS = (
					"$(inherited)",
					"@executable_path/Frameworks",
				);
				PRODUCT_NAME = Consumables;
				SDKROOT = iphoneos;
				TARGETED_DEVICE_FAMILY = "1,2";
			};
			name = Release;
		};
		BCF3B6F7DD17EF0C7E53BFB9 /* Debug */ = {
			isa = XCBuildConfiguration;
			buildSettings = {
				ASSETCATALOG_COMPILER_APPICON_NAME = AppIcon;
				CODE_SIGN_IDENTITY = "iPhone Developer";
				CODE_SIGN_STYLE = Automatic;
				ENABLE_PREVIEWS = YES;
				GENERATE_INFOPLIST_FILE = YES;
				INFOPLIST_KEY_CFBundleDisplayName = Consumables;
				INFOPLIST_KEY_UIApplicationSceneManifest_Generation = YES;
				INFOPLIST_KEY_UILaunchScreen_Generation = YES;
				INFOPLIST_KEY_UISupportedInterfaceOrientations_iPhone = (
					UIInterfaceOrientationPortrait,
					UIInterfaceOrientationLandscapeLeft,
					UIInterfaceOrientationLandscapeRight,
				);
				IPHONEOS_DEPLOYMENT_TARGET = 17.0;
				LD_RUNPATH_SEARCH_PATHS = (
					"$(inherited)",
					"@executable_path/Frameworks",
				);
				PRODUCT_NAME = Consumables;
				SDKROOT = iphoneos;
				TARGETED_DEVICE_FAMILY = "1,2";
			};
			name = Debug;
		};
		D0E31B8B73ADEF0F447FDB09 /* Release */ = {
			isa = XCBuildConfiguration;
			buildSettings = {
				ALWAYS_SEARCH_USER_PATHS = NO;
				CLANG_ANALYZER_NONNULL = YES;
				CLANG_ANALYZER_NUMBER_OBJECT_CONVERSION = YES_AGGRESSIVE;
				CLANG_CXX_LANGUAGE_STANDARD = "gnu++14";
				CLANG_CXX_LIBRARY = "libc++";
				CLANG_ENABLE_MODULES = YES;
				CLANG_ENABLE_OBJC_ARC = YES;
				CLANG_ENABLE_OBJC_WEAK = YES;
				CLANG_WARN_BLOCK_CAPTURE_AUTORELEASING = YES;
				CLANG_WARN_BOOL_CONVERSION = YES;
				CLANG_WARN_COMMA = YES;
				CLANG_WARN_CONSTANT_CONVERSION = YES;
				CLANG_WARN_DEPRECATED_OBJC_IMPLEMENTATIONS = YES;
				CLANG_WARN_DIRECT_OBJC_ISA_USAGE = YES_ERROR;
				CLANG_WARN_DOCUMENTATION_COMMENTS = YES;
				CLANG_WARN_EMPTY_BODY = YES;
				CLANG_WARN_ENUM_CONVERSION = YES;
				CLANG_WARN_INFINITE_RECURSION = YES;
				CLANG_WARN_INT_CONVERSION = YES;
				CLANG_WARN_NON_LITERAL_NULL_CONVERSION = YES;
				CLANG_WARN_OBJC_IMPLICIT_RETAIN_SELF = YES;
				CLANG_WARN_OBJC_LITERAL_CONVERSION = YES;
				CLANG_WARN_OBJC_ROOT_CLASS = YES_ERROR;
				CLANG_WARN_QUOTED_INCLUDE_IN_FRAMEWORK_HEADER = YES;
				CLANG_WARN_RANGE_LOOP_ANALYSIS = YES;
				CLANG_WARN_STRICT_PROTOTYPES = YES;
				CLANG_WARN_SUSPICIOUS_MOVE = YES;
				CLANG_WARN_UNGUARDED_AVAILABILITY = YES_AGGRESSIVE;
				CLANG_WARN_UNREACHABLE_CODE = YES;
				CLANG_WARN__DUPLICATE_METHOD_MATCH = YES;
				COPY_PHASE_STRIP = NO;
				CURRENT_PROJECT_VERSION = 1;
				DEBUG_INFORMATION_FORMAT = "dwarf-with-dsym";
				DEVELOPMENT_TEAM = "";
				ENABLE_NS_ASSERTIONS = NO;
				ENABLE_STRICT_OBJC_MSGSEND = YES;
				GCC_C_LANGUAGE_STANDARD = gnu11;
				GCC_NO_COMMON_BLOCKS = YES;
				GCC_WARN_64_TO_32_BIT_CONVERSION = YES;
				GCC_WARN_ABOUT_RETURN_TYPE = YES_ERROR;
				GCC_WARN_UNDECLARED_SELECTOR = YES;
				GCC_WARN_UNINITIALIZED_AUTOS = YES_AGGRESSIVE;
				GCC_WARN_UNUSED_FUNCTION = YES;
				GCC_WARN_UNUSED_VARIABLE = YES;
				IPHONEOS_DEPLOYMENT_TARGET = 17.0;
				MARKETING_VERSION = 0.1.0;
				MTL_ENABLE_DEBUG_INFO = NO;
				MTL_FAST_MATH = YES;
				PRODUCT_BUNDLE_IDENTIFIER = com.openclaw.consumables;
				PRODUCT_NAME = "$(TARGET_NAME)";
				SDKROOT = iphoneos;
				SWIFT_COMPILATION_MODE = wholemodule;
				SWIFT_OPTIMIZATION_LEVEL = "-O";
				SWIFT_VERSION = 5.1;
				TARGETED_DEVICE_FAMILY = 1;
			};
			name = Release;
		};
		FF0EDCC64243D7FD1A7FB270 /* Release */ = {
			isa = XCBuildConfiguration;
			buildSettings = {
				BUNDLE_LOADER = "$(TEST_HOST)";
				GENERATE_INFOPLIST_FILE = YES;
				IPHONEOS_DEPLOYMENT_TARGET = 17.0;
				LD_RUNPATH_SEARCH_PATHS = (
					"$(inherited)",
					"@executable_path/Frameworks",
					"@loader_path/Frameworks",
				);
				SDKROOT = iphoneos;
				TARGETED_DEVICE_FAMILY = "1,2";
				TEST_HOST = "$(BUILT_PRODUCTS_DIR)/Consumables.app/Consumables";
			};
			name = Release;
		};
/* End XCBuildConfiguration section */

/* Begin XCConfigurationList section */
		2006FD1B8C78119C475CFBBF /* Build configuration list for PBXNativeTarget "Consumables" */ = {
			isa = XCConfigurationList;
			buildConfigurations = (
				BCF3B6F7DD17EF0C7E53BFB9 /* Debug */,
				6850ED39A233575128969D76 /* Release */,
			);
			defaultConfigurationIsVisible = 0;
			defaultConfigurationName = Debug;
		};
		3416AABBD9DB40206ED9DCB5 /* Build configuration list for PBXNativeTarget "ConsumablesTests" */ = {
			isa = XCConfigurationList;
			buildConfigurations = (
				14A693AD30E40F40207FDB88 /* Debug */,
				FF0EDCC64243D7FD1A7FB270 /* Release */,
			);
			defaultConfigurationIsVisible = 0;
			defaultConfigurationName = Debug;
		};
		C3C80D6943694F6BA60DDB20 /* Build configuration list for PBXProject "Consumables" */ = {
			isa = XCConfigurationList;
			buildConfigurations = (
				528C4F8ED2C21D354F06C701 /* Debug */,
				D0E31B8B73ADEF0F447FDB09 /* Release */,
			);
			defaultConfigurationIsVisible = 0;
			defaultConfigurationName = Debug;
		};
/* End XCConfigurationList section */
	};
	rootObject = 7EE6F6961F8F7DEBB4B6DF1A /* Project object */;
}
